
Microsoft Visual Studio Solution File, Format Version 12.00
# Visual Studio 15
VisualStudioVersion = 15.0.28307.645
MinimumVisualStudioVersion = 10.0.40219.1
Project("{FAE04EC0-301F-11D3-BF4B-00C04F79EFBC}") = "Serko_Msg", "Serko_Msg\Serko_Msg.csproj", "{B365218A-EBD0-499A-9766-2948F42BF1F8}"
EndProject
Global
	GlobalSection(SolutionConfigurationPlatforms) = preSolution
		Debug|Any CPU = Debug|Any CPU
		Release|Any CPU = Release|Any CPU
	EndGlobalSection
	GlobalSection(ProjectConfigurationPlatforms) = postSolution
		{B365218A-EBD0-499A-9766-2948F42BF1F8}.Debug|Any CPU.ActiveCfg = Debug|Any CPU
		{B365218A-EBD0-499A-9766-2948F42BF1F8}.Debug|Any CPU.Build.0 = Debug|Any CPU
		{B365218A-EBD0-499A-9766-2948F42BF1F8}.Release|Any CPU.ActiveCfg = Release|Any CPU
		{B365218A-EBD0-499A-9766-2948F42BF1F8}.Release|Any CPU.Build.0 = Release|Any CPU
	EndGlobalSection
	GlobalSection(SolutionProperties) = preSolution
		HideSolutionNode = FALSE
	EndGlobalSection
	GlobalSection(ExtensibilityGlobals) = postSolution
		SolutionGuid = {2A97955E-7862-4C92-A8F4-6CC36930B2B3}
	EndGlobalSection
EndGlobal
